// !$*UTF8*$!
{
	archiveVersion = 1;
	classes = {
	};
	objectVersion = 46;
	objects = {

/* Begin PBXBuildFile section */
		D3EAB2E61DAA915600D03621 /* main.m in Sources */ = {isa = PBXBuildFile; fileRef = D3EAB2E51DAA915600D03621 /* main.m */; };
		D3EAB2EE1DAA918E00D03621 /* overuse_estimator.cpp in Sources */ = {isa = PBXBuildFile; fileRef = D3EAB2EC1DAA918E00D03621 /* overuse_estimator.cpp */; };
		D3EAB2F11DAA97B500D03621 /* overuse_detector.cpp in Sources */ = {isa = PBXBuildFile; fileRef = D3EAB2EF1DAA97B500D03621 /* overuse_detector.cpp */; };
/* End PBXBuildFile section */

/* Begin PBXCopyFilesBuildPhase section */
		D3EAB2E01DAA915600D03621 /* CopyFiles */ = {
			isa = PBXCopyFilesBuildPhase;
			buildActionMask = 2147483647;
			dstPath = /usr/share/man/man1/;
			dstSubfolderSpec = 0;
			files = (
			);
			runOnlyForDeploymentPostprocessing = 1;
		};
/* End PBXCopyFilesBuildPhase section */

/* Begin PBXFileReference section */
		D3EAB2E21DAA915600D03621 /* WebRTC_QoS */ = {isa = PBXFileReference; explicitFileType = "compiled.mach-o.executable"; includeInIndex = 0; path = WebRTC_QoS; sourceTree = BUILT_PRODUCTS_DIR; };
		D3EAB2E51DAA915600D03621 /* main.m */ = {isa = PBXFileReference; lastKnownFileType = sourcecode.c.objc; path = main.m; sourceTree = "<group>"; };
		D3EAB2EC1DAA918E00D03621 /* overuse_estimator.cpp */ = {isa = PBXFileReference; fileEncoding = 4; lastKnownFileType = sourcecode.cpp.cpp; path = overuse_estimator.cpp; sourceTree = "<group>"; };
		D3EAB2ED1DAA918E00D03621 /* overuse_estimator.hpp */ = {isa = PBXFileReference; fileEncoding = 4; lastKnownFileType = sourcecode.cpp.h; path = overuse_estimator.hpp; sourceTree = "<group>"; };
		D3EAB2EF1DAA97B500D03621 /* overuse_detector.cpp */ = {isa = PBXFileReference; fileEncoding = 4; lastKnownFileType = sourcecode.cpp.cpp; path = overuse_detector.cpp; sourceTree = "<group>"; };
		D3EAB2F01DAA97B500D03621 /* overuse_detector.hpp */ = {isa = PBXFileReference; fileEncoding = 4; lastKnownFileType = sourcecode.cpp.h; path = overuse_detector.hpp; sourceTree = "<group>"; };
/* End PBXFileReference section */

/* Begin PBXFrameworksBuildPhase section */
		D3EAB2DF1DAA915600D03621 /* Frameworks */ = {
			isa = PBXFrameworksBuildPhase;
			buildActionMask = 2147483647;
			files = (
			);
			runOnlyForDeploymentPostprocessing = 0;
		};
/* End PBXFrameworksBuildPhase section */

/* Begin PBXGroup section */
		D3EAB2D91DAA915600D03621 = {
			isa = PBXGroup;
			children = (
				D3EAB2E41DAA915600D03621 /* WebRTC_QoS */,
				D3EAB2E31DAA915600D03621 /* Products */,
			);
			sourceTree = "<group>";
		};
		D3EAB2E31DAA915600D03621 /* Products */ = {
			isa = PBXGroup;
			children = (
				D3EAB2E21DAA915600D03621 /* WebRTC_QoS */,
			);
			name = Products;
			sourceTree = "<group>";
		};
		D3EAB2E41DAA915600D03621 /* WebRTC_QoS */ = {
			isa = PBXGroup;
			children = (
				D3EAB2E51DAA915600D03621 /* main.m */,
				D3EAB2EC1DAA918E00D03621 /* overuse_estimator.cpp */,
				D3EAB2ED1DAA918E00D03621 /* overuse_estimator.hpp */,
				D3EAB2EF1DAA97B500D03621 /* overuse_detector.cpp */,
				D3EAB2F01DAA97B500D03621 /* overuse_detector.hpp */,
			);
			path = WebRTC_QoS;
			sourceTree = "<group>";
		};
/* End PBXGroup section */

/* Begin PBXNativeTarget section */
		D3EAB2E11DAA915600D03621 /* WebRTC_QoS */ = {
			isa = PBXNativeTarget;
			buildConfigurationList = D3EAB2E91DAA915600D03621 /* Build configuration list for PBXNativeTarget "WebRTC_QoS" */;
			buildPhases = (
				D3EAB2DE1DAA915600D03621 /* Sources */,
				D3EAB2DF1DAA915600D03621 /* Frameworks */,
				D3EAB2E01DAA915600D03621 /* CopyFiles */,
			);
			buildRules = (
			);
			dependencies = (
			);
			name = WebRTC_QoS;
			productName = WebRTC_QoS;
			productReference = D3EAB2E21DAA915600D03621 /* WebRTC_QoS */;
			productType = "com.apple.product-type.tool";
		};
/* End PBXNativeTarget section */

/* Begin PBXProject section */
		D3EAB2DA1DAA915600D03621 /* Project object */ = {
			isa = PBXProject;
			attributes = {
				LastUpgradeCheck = 0730;
				ORGANIZATIONNAME = volvet;
				TargetAttributes = {
					D3EAB2E11DAA915600D03621 = {
						CreatedOnToolsVersion = 7.3;
					};
				};
			};
			buildConfigurationList = D3EAB2DD1DAA915600D03621 /* Build configuration list for PBXProject "WebRTC_QoS" */;
			compatibilityVersion = "Xcode 3.2";
			developmentRegion = English;
			hasScannedForEncodings = 0;
			knownRegions = (
				en,
			);
			mainGroup = D3EAB2D91DAA915600D03621;
			productRefGroup = D3EAB2E31DAA915600D03621 /* Products */;
			projectDirPath = "";
			projectRoot = "";
			targets = (
				D3EAB2E11DAA915600D03621 /* WebRTC_QoS */,
			);
		};
/* End PBXProject section */

/* Begin PBXSourcesBuildPhase section */
		D3EAB2DE1DAA915600D03621 /* Sources */ = {
			isa = PBXSourcesBuildPhase;
			buildActionMask = 2147483647;
			files = (
				D3EAB2EE1DAA918E00D03621 /* overuse_estimator.cpp in Sources */,
				D3EAB2F11DAA97B500D03621 /* overuse_detector.cpp in Sources */,
				D3EAB2E61DAA915600D03621 /* main.m in Sources */,
			);
			runOnlyForDeploymentPostprocessing = 0;
		};
/* End PBXSourcesBuildPhase section */

/* Begin XCBuildConfiguration section */
		D3EAB2E71DAA915600D03621 /* Debug */ = {
			isa = XCBuildConfiguration;
			buildSettings = {
				ALWAYS_SEARCH_USER_PATHS = NO;
				CLANG_ANALYZER_NONNULL = YES;
				CLANG_CXX_LANGUAGE_STANDARD = "gnu++0x";
				CLANG_CXX_LIBRARY = "libc++";
				CLANG_ENABLE_MODULES = YES;
				CLANG_ENABLE_OBJC_ARC = YES;
				CLANG_WARN_BOOL_CONVERSION = YES;
				CLANG_WARN_CONSTANT_CONVERSION = YES;
				CLANG_WARN_DIRECT_OBJC_ISA_USAGE = YES_ERROR;
				CLANG_WARN_EMPTY_BODY = YES;
				CLANG_WARN_ENUM_CONVERSION = YES;
				CLANG_WARN_INT_CONVERSION = YES;
				CLANG_WARN_OBJC_ROOT_CLASS = YES_ERROR;
				CLANG_WARN_UNREACHABLE_CODE = YES;
				CLANG_WARN__DUPLICATE_METHOD_MATCH = YES;
				CODE_SIGN_IDENTITY = "-";
				COPY_PHASE_STRIP = NO;
				DEBUG_INFORMATION_FORMAT = dwarf;
				ENABLE_STRICT_OBJC_MSGSEND = YES;
				ENABLE_TESTABILITY = YES;
				GCC_C_LANGUAGE_STANDARD = gnu99;
				GCC_DYNAMIC_NO_PIC = NO;
				GCC_NO_COMMON_BLOCKS = YES;
				GCC_OPTIMIZATION_LEVEL = 0;
				GCC_PREPROCESSOR_DEFINITIONS = (
					"DEBUG=1",
					"$(inherited)",
				);
				GCC_WARN_64_TO_32_BIT_CONVERSION = YES;
				GCC_WARN_ABOUT_RETURN_TYPE = YES_ERROR;
				GCC_WARN_UNDECLARED_SELECTOR = YES;
				GCC_WARN_UNINITIALIZED_AUTOS = YES_AGGRESSIVE;
				GCC_WARN_UNUSED_FUNCTION = YES;
				GCC_WARN_UNUSED_VARIABLE = YES;
				MACOSX_DEPLOYMENT_TARGET = 10.11;
				MTL_ENABLE_DEBUG_INFO = YES;
				ONLY_ACTIVE_ARCH = YES;
				SDKROOT = macosx;
			};
			name = Debug;
		};
		D3EAB2E81DAA915600D03621 /* Release */ = {
			isa = XCBuildConfiguration;
			buildSettings = {
				ALWAYS_SEARCH_USER_PATHS = NO;
				CLANG_ANALYZER_NONNULL = YES;
				CLANG_CXX_LANGUAGE_STANDARD = "gnu++0x";
				CLANG_CXX_LIBRARY = "libc++";
				CLANG_ENABLE_MODULES = YES;
				CLANG_ENABLE_OBJC_ARC = YES;
				CLANG_WARN_BOOL_CONVERSION = YES;
				CLANG_WARN_CONSTANT_CONVERSION = YES;
				CLANG_WARN_DIRECT_OBJC_ISA_USAGE = YES_ERROR;
				CLANG_WARN_EMPTY_BODY = YES;
				CLANG_WARN_ENUM_CONVERSION = YES;
				CLANG_WARN_INT_CONVERSION = YES;
				CLANG_WARN_OBJC_ROOT_CLASS = YES_ERROR;
				CLANG_WARN_UNREACHABLE_CODE = YES;
				CLANG_WARN__DUPLICATE_METHOD_MATCH = YES;
				CODE_SIGN_IDENTITY = "-";
				COPY_PHASE_STRIP = NO;
				DEBUG_INFORMATION_FORMAT = "dwarf-with-dsym";
				ENABLE_NS_ASSERTIONS = NO;
				ENABLE_STRICT_OBJC_MSGSEND = YES;
				GCC_C_LANGUAGE_STANDARD = gnu99;
				GCC_NO_COMMON_BLOCKS = YES;
				GCC_WARN_64_TO_32_BIT_CONVERSION = YES;
				GCC_WARN_ABOUT_RETURN_TYPE = YES_ERROR;
				GCC_WARN_UNDECLARED_SELECTOR = YES;
				GCC_WARN_UNINITIALIZED_AUTOS = YES_AGGRESSIVE;
				GCC_WARN_UNUSED_FUNCTION = YES;
				GCC_WARN_UNUSED_VARIABLE = YES;
				MACOSX_DEPLOYMENT_TARGET = 10.11;
				MTL_ENABLE_DEBUG_INFO = NO;
				SDKROOT = macosx;
			};
			name = Release;
		};
		D3EAB2EA1DAA915600D03621 /* Debug */ = {
			isa = XCBuildConfiguration;
			buildSettings = {
				PRODUCT_NAME = "$(TARGET_NAME)";
			};
			name = Debug;
		};
		D3EAB2EB1DAA915600D03621 /* Release */ = {
			isa = XCBuildConfiguration;
			buildSettings = {
				PRODUCT_NAME = "$(TARGET_NAME)";
			};
			name = Release;
		};
/* End XCBuildConfiguration section */

/* Begin XCConfigurationList section */
		D3EAB2DD1DAA915600D03621 /* Build configuration list for PBXProject "WebRTC_QoS" */ = {
			isa = XCConfigurationList;
			buildConfigurations = (
				D3EAB2E71DAA915600D03621 /* Debug */,
				D3EAB2E81DAA915600D03621 /* Release */,
			);
			defaultConfigurationIsVisible = 0;
			defaultConfigurationName = Release;
		};
		D3EAB2E91DAA915600D03621 /* Build configuration list for PBXNativeTarget "WebRTC_QoS" */ = {
			isa = XCConfigurationList;
			buildConfigurations = (
				D3EAB2EA1DAA915600D03621 /* Debug */,
				D3EAB2EB1DAA915600D03621 /* Release */,
			);
			defaultConfigurationIsVisible = 0;
			defaultConfigurationName = Release;
		};
/* End XCConfigurationList section */
	};
	rootObject = D3EAB2DA1DAA915600D03621 /* Project object */;
}
